
Microsoft Visual Studio Solution File, Format Version 12.00
# Visual Studio Version 17
VisualStudioVersion = 17.14.36717.8 d17.14
MinimumVisualStudioVersion = 10.0.40219.1
Project("{FAE04EC0-301F-11D3-BF4B-00C04F79EFBC}") = "CapaDatos", "CapaDatos\CapaDatos.csproj", "{B88D053F-C232-4337-8765-B7E6E267D841}"
EndProject
Project("{FAE04EC0-301F-11D3-BF4B-00C04F79EFBC}") = "CapaEntidad", "CapaEntidad\CapaEntidad.csproj", "{49CA7544-87E0-495F-854D-6E99AC804C02}"
EndProject
Project("{FAE04EC0-301F-11D3-BF4B-00C04F79EFBC}") = "CapaNegocio", "CapaNegocio\CapaNegocio.csproj", "{55A54CD1-0FF0-4663-9B9E-4EFCA6F75653}"
EndProject
Project("{FAE04EC0-301F-11D3-BF4B-00C04F79EFBC}") = "CapaPresentacion", "CapaPresentacion\CapaPresentacion.csproj", "{01D8FAD4-2919-470D-984C-716F42D89D2E}"
EndProject
Global
	GlobalSection(SolutionConfigurationPlatforms) = preSolution
		Debug|Any CPU = Debug|Any CPU
		Release|Any CPU = Release|Any CPU
	EndGlobalSection
	GlobalSection(ProjectConfigurationPlatforms) = postSolution
		{B88D053F-C232-4337-8765-B7E6E267D841}.Debug|Any CPU.ActiveCfg = Debug|Any CPU
		{B88D053F-C232-4337-8765-B7E6E267D841}.Debug|Any CPU.Build.0 = Debug|Any CPU
		{B88D053F-C232-4337-8765-B7E6E267D841}.Release|Any CPU.ActiveCfg = Release|Any CPU
		{B88D053F-C232-4337-8765-B7E6E267D841}.Release|Any CPU.Build.0 = Release|Any CPU
		{49CA7544-87E0-495F-854D-6E99AC804C02}.Debug|Any CPU.ActiveCfg = Debug|Any CPU
		{49CA7544-87E0-495F-854D-6E99AC804C02}.Debug|Any CPU.Build.0 = Debug|Any CPU
		{49CA7544-87E0-495F-854D-6E99AC804C02}.Release|Any CPU.ActiveCfg = Release|Any CPU
		{49CA7544-87E0-495F-854D-6E99AC804C02}.Release|Any CPU.Build.0 = Release|Any CPU
		{55A54CD1-0FF0-4663-9B9E-4EFCA6F75653}.Debug|Any CPU.ActiveCfg = Debug|Any CPU
		{55A54CD1-0FF0-4663-9B9E-4EFCA6F75653}.Debug|Any CPU.Build.0 = Debug|Any CPU
		{55A54CD1-0FF0-4663-9B9E-4EFCA6F75653}.Release|Any CPU.ActiveCfg = Release|Any CPU
		{55A54CD1-0FF0-4663-9B9E-4EFCA6F75653}.Release|Any CPU.Build.0 = Release|Any CPU
		{01D8FAD4-2919-470D-984C-716F42D89D2E}.Debug|Any CPU.ActiveCfg = Debug|Any CPU
		{01D8FAD4-2919-470D-984C-716F42D89D2E}.Debug|Any CPU.Build.0 = Debug|Any CPU
		{01D8FAD4-2919-470D-984C-716F42D89D2E}.Release|Any CPU.ActiveCfg = Release|Any CPU
		{01D8FAD4-2919-470D-984C-716F42D89D2E}.Release|Any CPU.Build.0 = Release|Any CPU
	EndGlobalSection
	GlobalSection(SolutionProperties) = preSolution
		HideSolutionNode = FALSE
	EndGlobalSection
	GlobalSection(ExtensibilityGlobals) = postSolution
		SolutionGuid = {C06F0FE5-DC90-485A-9EDF-BBE67944CF9E}
	EndGlobalSection
EndGlobal
